
Microsoft Visual Studio Solution File, Format Version 12.00
# Visual Studio 15
VisualStudioVersion = 15.0.27703.2042
MinimumVisualStudioVersion = 10.0.40219.1
Project("{FAE04EC0-301F-11D3-BF4B-00C04F79EFBC}") = "JsonPractice.Android", "JsonPractice\JsonPractice.Android\JsonPractice.Android.csproj", "{AF05FFE9-20A2-4E4E-856B-94A48822D1E3}"
EndProject
Project("{FAE04EC0-301F-11D3-BF4B-00C04F79EFBC}") = "JsonPractice.iOS", "JsonPractice\JsonPractice.iOS\JsonPractice.iOS.csproj", "{16AA5B42-F17B-449A-9D0D-9115D1DE2853}"
EndProject
Project("{FAE04EC0-301F-11D3-BF4B-00C04F79EFBC}") = "JsonPractice.UWP", "JsonPractice\JsonPractice.UWP\JsonPractice.UWP.csproj", "{BA6056FB-F451-4BAF-B6B1-0319C351EA48}"
EndProject
Project("{D954291E-2A0B-460D-934E-DC6B0785DB48}") = "JsonPractice", "JsonPractice\JsonPractice\JsonPractice.shproj", "{E217C7F9-6471-47AC-922C-13AB38B2719B}"
EndProject
Global
	GlobalSection(SharedMSBuildProjectFiles) = preSolution
		JsonPractice\JsonPractice\JsonPractice.projitems*{16aa5b42-f17b-449a-9d0d-9115d1de2853}*SharedItemsImports = 4
		JsonPractice\JsonPractice\JsonPractice.projitems*{af05ffe9-20a2-4e4e-856b-94a48822d1e3}*SharedItemsImports = 4
		JsonPractice\JsonPractice\JsonPractice.projitems*{ba6056fb-f451-4baf-b6b1-0319c351ea48}*SharedItemsImports = 4
		JsonPractice\JsonPractice\JsonPractice.projitems*{e217c7f9-6471-47ac-922c-13ab38b2719b}*SharedItemsImports = 13
	EndGlobalSection
	GlobalSection(SolutionConfigurationPlatforms) = preSolution
		Ad-Hoc|Any CPU = Ad-Hoc|Any CPU
		Ad-Hoc|ARM = Ad-Hoc|ARM
		Ad-Hoc|iPhone = Ad-Hoc|iPhone
		Ad-Hoc|iPhoneSimulator = Ad-Hoc|iPhoneSimulator
		Ad-Hoc|x64 = Ad-Hoc|x64
		Ad-Hoc|x86 = Ad-Hoc|x86
		AppStore|Any CPU = AppStore|Any CPU
		AppStore|ARM = AppStore|ARM
		AppStore|iPhone = AppStore|iPhone
		AppStore|iPhoneSimulator = AppStore|iPhoneSimulator
		AppStore|x64 = AppStore|x64
		AppStore|x86 = AppStore|x86
		Debug|Any CPU = Debug|Any CPU
		Debug|ARM = Debug|ARM
		Debug|iPhone = Debug|iPhone
		Debug|iPhoneSimulator = Debug|iPhoneSimulator
		Debug|x64 = Debug|x64
		Debug|x86 = Debug|x86
		Release|Any CPU = Release|Any CPU
		Release|ARM = Release|ARM
		Release|iPhone = Release|iPhone
		Release|iPhoneSimulator = Release|iPhoneSimulator
		Release|x64 = Release|x64
		Release|x86 = Release|x86
	EndGlobalSection
	GlobalSection(ProjectConfigurationPlatforms) = postSolution
		{AF05FFE9-20A2-4E4E-856B-94A48822D1E3}.Ad-Hoc|Any CPU.ActiveCfg = Release|Any CPU
		{AF05FFE9-20A2-4E4E-856B-94A48822D1E3}.Ad-Hoc|Any CPU.Build.0 = Release|Any CPU
		{AF05FFE9-20A2-4E4E-856B-94A48822D1E3}.Ad-Hoc|Any CPU.Deploy.0 = Release|Any CPU
		{AF05FFE9-20A2-4E4E-856B-94A48822D1E3}.Ad-Hoc|ARM.ActiveCfg = Release|Any CPU
		{AF05FFE9-20A2-4E4E-856B-94A48822D1E3}.Ad-Hoc|ARM.Build.0 = Release|Any CPU
		{AF05FFE9-20A2-4E4E-856B-94A48822D1E3}.Ad-Hoc|ARM.Deploy.0 = Release|Any CPU
		{AF05FFE9-20A2-4E4E-856B-94A48822D1E3}.Ad-Hoc|iPhone.ActiveCfg = Release|Any CPU
		{AF05FFE9-20A2-4E4E-856B-94A48822D1E3}.Ad-Hoc|iPhone.Build.0 = Release|Any CPU
		{AF05FFE9-20A2-4E4E-856B-94A48822D1E3}.Ad-Hoc|iPhone.Deploy.0 = Release|Any CPU
		{AF05FFE9-20A2-4E4E-856B-94A48822D1E3}.Ad-Hoc|iPhoneSimulator.ActiveCfg = Release|Any CPU
		{AF05FFE9-20A2-4E4E-856B-94A48822D1E3}.Ad-Hoc|iPhoneSimulator.Build.0 = Release|Any CPU
		{AF05FFE9-20A2-4E4E-856B-94A48822D1E3}.Ad-Hoc|iPhoneSimulator.Deploy.0 = Release|Any CPU
		{AF05FFE9-20A2-4E4E-856B-94A48822D1E3}.Ad-Hoc|x64.ActiveCfg = Release|Any CPU
		{AF05FFE9-20A2-4E4E-856B-94A48822D1E3}.Ad-Hoc|x64.Build.0 = Release|Any CPU
		{AF05FFE9-20A2-4E4E-856B-94A48822D1E3}.Ad-Hoc|x64.Deploy.0 = Release|Any CPU
		{AF05FFE9-20A2-4E4E-856B-94A48822D1E3}.Ad-Hoc|x86.ActiveCfg = Release|Any CPU
		{AF05FFE9-20A2-4E4E-856B-94A48822D1E3}.Ad-Hoc|x86.Build.0 = Release|Any CPU
		{AF05FFE9-20A2-4E4E-856B-94A48822D1E3}.Ad-Hoc|x86.Deploy.0 = Release|Any CPU
		{AF05FFE9-20A2-4E4E-856B-94A48822D1E3}.AppStore|Any CPU.ActiveCfg = Release|Any CPU
		{AF05FFE9-20A2-4E4E-856B-94A48822D1E3}.AppStore|Any CPU.Build.0 = Release|Any CPU
		{AF05FFE9-20A2-4E4E-856B-94A48822D1E3}.AppStore|Any CPU.Deploy.0 = Release|Any CPU
		{AF05FFE9-20A2-4E4E-856B-94A48822D1E3}.AppStore|ARM.ActiveCfg = Release|Any CPU
		{AF05FFE9-20A2-4E4E-856B-94A48822D1E3}.AppStore|ARM.Build.0 = Release|Any CPU
		{AF05FFE9-20A2-4E4E-856B-94A48822D1E3}.AppStore|ARM.Deploy.0 = Release|Any CPU
		{AF05FFE9-20A2-4E4E-856B-94A48822D1E3}.AppStore|iPhone.ActiveCfg = Release|Any CPU
		{AF05FFE9-20A2-4E4E-856B-94A48822D1E3}.AppStore|iPhone.Build.0 = Release|Any CPU
		{AF05FFE9-20A2-4E4E-856B-94A48822D1E3}.AppStore|iPhone.Deploy.0 = Release|Any CPU
		{AF05FFE9-20A2-4E4E-856B-94A48822D1E3}.AppStore|iPhoneSimulator.ActiveCfg = Release|Any CPU
		{AF05FFE9-20A2-4E4E-856B-94A48822D1E3}.AppStore|iPhoneSimulator.Build.0 = Release|Any CPU
		{AF05FFE9-20A2-4E4E-856B-94A48822D1E3}.AppStore|iPhoneSimulator.Deploy.0 = Release|Any CPU
		{AF05FFE9-20A2-4E4E-856B-94A48822D1E3}.AppStore|x64.ActiveCfg = Release|Any CPU
		{AF05FFE9-20A2-4E4E-856B-94A48822D1E3}.AppStore|x64.Build.0 = Release|Any CPU
		{AF05FFE9-20A2-4E4E-856B-94A48822D1E3}.AppStore|x64.Deploy.0 = Release|Any CPU
		{AF05FFE9-20A2-4E4E-856B-94A48822D1E3}.AppStore|x86.ActiveCfg = Release|Any CPU
		{AF05FFE9-20A2-4E4E-856B-94A48822D1E3}.AppStore|x86.Build.0 = Release|Any CPU
		{AF05FFE9-20A2-4E4E-856B-94A48822D1E3}.AppStore|x86.Deploy.0 = Release|Any CPU
		{AF05FFE9-20A2-4E4E-856B-94A48822D1E3}.Debug|Any CPU.ActiveCfg = Debug|Any CPU
		{AF05FFE9-20A2-4E4E-856B-94A48822D1E3}.Debug|Any CPU.Build.0 = Debug|Any CPU
		{AF05FFE9-20A2-4E4E-856B-94A48822D1E3}.Debug|Any CPU.Deploy.0 = Debug|Any CPU
		{AF05FFE9-20A2-4E4E-856B-94A48822D1E3}.Debug|ARM.ActiveCfg = Debug|Any CPU
		{AF05FFE9-20A2-4E4E-856B-94A48822D1E3}.Debug|ARM.Build.0 = Debug|Any CPU
		{AF05FFE9-20A2-4E4E-856B-94A48822D1E3}.Debug|ARM.Deploy.0 = Debug|Any CPU
		{AF05FFE9-20A2-4E4E-856B-94A48822D1E3}.Debug|iPhone.ActiveCfg = Debug|Any CPU
		{AF05FFE9-20A2-4E4E-856B-94A48822D1E3}.Debug|iPhone.Build.0 = Debug|Any CPU
		{AF05FFE9-20A2-4E4E-856B-94A48822D1E3}.Debug|iPhone.Deploy.0 = Debug|Any CPU
		{AF05FFE9-20A2-4E4E-856B-94A48822D1E3}.Debug|iPhoneSimulator.ActiveCfg = Debug|Any CPU
		{AF05FFE9-20A2-4E4E-856B-94A48822D1E3}.Debug|iPhoneSimulator.Build.0 = Debug|Any CPU
		{AF05FFE9-20A2-4E4E-856B-94A48822D1E3}.Debug|iPhoneSimulator.Deploy.0 = Debug|Any CPU
		{AF05FFE9-20A2-4E4E-856B-94A48822D1E3}.Debug|x64.ActiveCfg = Debug|Any CPU
		{AF05FFE9-20A2-4E4E-856B-94A48822D1E3}.Debug|x64.Build.0 = Debug|Any CPU
		{AF05FFE9-20A2-4E4E-856B-94A48822D1E3}.Debug|x64.Deploy.0 = Debug|Any CPU
		{AF05FFE9-20A2-4E4E-856B-94A48822D1E3}.Debug|x86.ActiveCfg = Debug|Any CPU
		{AF05FFE9-20A2-4E4E-856B-94A48822D1E3}.Debug|x86.Build.0 = Debug|Any CPU
		{AF05FFE9-20A2-4E4E-856B-94A48822D1E3}.Debug|x86.Deploy.0 = Debug|Any CPU
		{AF05FFE9-20A2-4E4E-856B-94A48822D1E3}.Release|Any CPU.ActiveCfg = Release|Any CPU
		{AF05FFE9-20A2-4E4E-856B-94A48822D1E3}.Release|Any CPU.Build.0 = Release|Any CPU
		{AF05FFE9-20A2-4E4E-856B-94A48822D1E3}.Release|Any CPU.Deploy.0 = Release|Any CPU
		{AF05FFE9-20A2-4E4E-856B-94A48822D1E3}.Release|ARM.ActiveCfg = Release|Any CPU
		{AF05FFE9-20A2-4E4E-856B-94A48822D1E3}.Release|ARM.Build.0 = Release|Any CPU
		{AF05FFE9-20A2-4E4E-856B-94A48822D1E3}.Release|ARM.Deploy.0 = Release|Any CPU
		{AF05FFE9-20A2-4E4E-856B-94A48822D1E3}.Release|iPhone.ActiveCfg = Release|Any CPU
		{AF05FFE9-20A2-4E4E-856B-94A48822D1E3}.Release|iPhone.Build.0 = Release|Any CPU
		{AF05FFE9-20A2-4E4E-856B-94A48822D1E3}.Release|iPhone.Deploy.0 = Release|Any CPU
		{AF05FFE9-20A2-4E4E-856B-94A48822D1E3}.Release|iPhoneSimulator.ActiveCfg = Release|Any CPU
		{AF05FFE9-20A2-4E4E-856B-94A48822D1E3}.Release|iPhoneSimulator.Build.0 = Release|Any CPU
		{AF05FFE9-20A2-4E4E-856B-94A48822D1E3}.Release|iPhoneSimulator.Deploy.0 = Release|Any CPU
		{AF05FFE9-20A2-4E4E-856B-94A48822D1E3}.Release|x64.ActiveCfg = Release|Any CPU
		{AF05FFE9-20A2-4E4E-856B-94A48822D1E3}.Release|x64.Build.0 = Release|Any CPU
		{AF05FFE9-20A2-4E4E-856B-94A48822D1E3}.Release|x64.Deploy.0 = Release|Any CPU
		{AF05FFE9-20A2-4E4E-856B-94A48822D1E3}.Release|x86.ActiveCfg = Release|Any CPU
		{AF05FFE9-20A2-4E4E-856B-94A48822D1E3}.Release|x86.Build.0 = Release|Any CPU
		{AF05FFE9-20A2-4E4E-856B-94A48822D1E3}.Release|x86.Deploy.0 = Release|Any CPU
		{16AA5B42-F17B-449A-9D0D-9115D1DE2853}.Ad-Hoc|Any CPU.ActiveCfg = Ad-Hoc|iPhone
		{16AA5B42-F17B-449A-9D0D-9115D1DE2853}.Ad-Hoc|Any CPU.Build.0 = Ad-Hoc|iPhone
		{16AA5B42-F17B-449A-9D0D-9115D1DE2853}.Ad-Hoc|Any CPU.Deploy.0 = Ad-Hoc|iPhone
		{16AA5B42-F17B-449A-9D0D-9115D1DE2853}.Ad-Hoc|ARM.ActiveCfg = Ad-Hoc|iPhone
		{16AA5B42-F17B-449A-9D0D-9115D1DE2853}.Ad-Hoc|ARM.Build.0 = Ad-Hoc|iPhone
		{16AA5B42-F17B-449A-9D0D-9115D1DE2853}.Ad-Hoc|ARM.Deploy.0 = Ad-Hoc|iPhone
		{16AA5B42-F17B-449A-9D0D-9115D1DE2853}.Ad-Hoc|iPhone.ActiveCfg = Ad-Hoc|iPhone
		{16AA5B42-F17B-449A-9D0D-9115D1DE2853}.Ad-Hoc|iPhone.Build.0 = Ad-Hoc|iPhone
		{16AA5B42-F17B-449A-9D0D-9115D1DE2853}.Ad-Hoc|iPhone.Deploy.0 = Ad-Hoc|iPhone
		{16AA5B42-F17B-449A-9D0D-9115D1DE2853}.Ad-Hoc|iPhoneSimulator.ActiveCfg = Ad-Hoc|iPhoneSimulator
		{16AA5B42-F17B-449A-9D0D-9115D1DE2853}.Ad-Hoc|iPhoneSimulator.Build.0 = Ad-Hoc|iPhoneSimulator
		{16AA5B42-F17B-449A-9D0D-9115D1DE2853}.Ad-Hoc|iPhoneSimulator.Deploy.0 = Ad-Hoc|iPhoneSimulator
		{16AA5B42-F17B-449A-9D0D-9115D1DE2853}.Ad-Hoc|x64.ActiveCfg = Ad-Hoc|iPhone
		{16AA5B42-F17B-449A-9D0D-9115D1DE2853}.Ad-Hoc|x64.Build.0 = Ad-Hoc|iPhone
		{16AA5B42-F17B-449A-9D0D-9115D1DE2853}.Ad-Hoc|x64.Deploy.0 = Ad-Hoc|iPhone
		{16AA5B42-F17B-449A-9D0D-9115D1DE2853}.Ad-Hoc|x86.ActiveCfg = Ad-Hoc|iPhone
		{16AA5B42-F17B-449A-9D0D-9115D1DE2853}.Ad-Hoc|x86.Build.0 = Ad-Hoc|iPhone
		{16AA5B42-F17B-449A-9D0D-9115D1DE2853}.Ad-Hoc|x86.Deploy.0 = Ad-Hoc|iPhone
		{16AA5B42-F17B-449A-9D0D-9115D1DE2853}.AppStore|Any CPU.ActiveCfg = AppStore|iPhone
		{16AA5B42-F17B-449A-9D0D-9115D1DE2853}.AppStore|Any CPU.Build.0 = AppStore|iPhone
		{16AA5B42-F17B-449A-9D0D-9115D1DE2853}.AppStore|Any CPU.Deploy.0 = AppStore|iPhone
		{16AA5B42-F17B-449A-9D0D-9115D1DE2853}.AppStore|ARM.ActiveCfg = AppStore|iPhone
		{16AA5B42-F17B-449A-9D0D-9115D1DE2853}.AppStore|ARM.Build.0 = AppStore|iPhone
		{16AA5B42-F17B-449A-9D0D-9115D1DE2853}.AppStore|ARM.Deploy.0 = AppStore|iPhone
		{16AA5B42-F17B-449A-9D0D-9115D1DE2853}.AppStore|iPhone.ActiveCfg = AppStore|iPhone
		{16AA5B42-F17B-449A-9D0D-9115D1DE2853}.AppStore|iPhone.Build.0 = AppStore|iPhone
		{16AA5B42-F17B-449A-9D0D-9115D1DE2853}.AppStore|iPhone.Deploy.0 = AppStore|iPhone
		{16AA5B42-F17B-449A-9D0D-9115D1DE2853}.AppStore|iPhoneSimulator.ActiveCfg = AppStore|iPhoneSimulator
		{16AA5B42-F17B-449A-9D0D-9115D1DE2853}.AppStore|iPhoneSimulator.Build.0 = AppStore|iPhoneSimulator
		{16AA5B42-F17B-449A-9D0D-9115D1DE2853}.AppStore|iPhoneSimulator.Deploy.0 = AppStore|iPhoneSimulator
		{16AA5B42-F17B-449A-9D0D-9115D1DE2853}.AppStore|x64.ActiveCfg = AppStore|iPhone
		{16AA5B42-F17B-449A-9D0D-9115D1DE2853}.AppStore|x64.Build.0 = AppStore|iPhone
		{16AA5B42-F17B-449A-9D0D-9115D1DE2853}.AppStore|x64.Deploy.0 = AppStore|iPhone
		{16AA5B42-F17B-449A-9D0D-9115D1DE2853}.AppStore|x86.ActiveCfg = AppStore|iPhone
		{16AA5B42-F17B-449A-9D0D-9115D1DE2853}.AppStore|x86.Build.0 = AppStore|iPhone
		{16AA5B42-F17B-449A-9D0D-9115D1DE2853}.AppStore|x86.Deploy.0 = AppStore|iPhone
		{16AA5B42-F17B-449A-9D0D-9115D1DE2853}.Debug|Any CPU.ActiveCfg = Debug|iPhoneSimulator
		{16AA5B42-F17B-449A-9D0D-9115D1DE2853}.Debug|Any CPU.Build.0 = Debug|iPhoneSimulator
		{16AA5B42-F17B-449A-9D0D-9115D1DE2853}.Debug|Any CPU.Deploy.0 = Debug|iPhoneSimulator
		{16AA5B42-F17B-449A-9D0D-9115D1DE2853}.Debug|ARM.ActiveCfg = Debug|iPhone
		{16AA5B42-F17B-449A-9D0D-9115D1DE2853}.Debug|ARM.Build.0 = Debug|iPhone
		{16AA5B42-F17B-449A-9D0D-9115D1DE2853}.Debug|ARM.Deploy.0 = Debug|iPhone
		{16AA5B42-F17B-449A-9D0D-9115D1DE2853}.Debug|iPhone.ActiveCfg = Debug|iPhone
		{16AA5B42-F17B-449A-9D0D-9115D1DE2853}.Debug|iPhone.Build.0 = Debug|iPhone
		{16AA5B42-F17B-449A-9D0D-9115D1DE2853}.Debug|iPhone.Deploy.0 = Debug|iPhone
		{16AA5B42-F17B-449A-9D0D-9115D1DE2853}.Debug|iPhoneSimulator.ActiveCfg = Debug|iPhoneSimulator
		{16AA5B42-F17B-449A-9D0D-9115D1DE2853}.Debug|iPhoneSimulator.Build.0 = Debug|iPhoneSimulator
		{16AA5B42-F17B-449A-9D0D-9115D1DE2853}.Debug|iPhoneSimulator.Deploy.0 = Debug|iPhoneSimulator
		{16AA5B42-F17B-449A-9D0D-9115D1DE2853}.Debug|x64.ActiveCfg = Debug|iPhone
		{16AA5B42-F17B-449A-9D0D-9115D1DE2853}.Debug|x64.Build.0 = Debug|iPhone
		{16AA5B42-F17B-449A-9D0D-9115D1DE2853}.Debug|x64.Deploy.0 = Debug|iPhone
		{16AA5B42-F17B-449A-9D0D-9115D1DE2853}.Debug|x86.ActiveCfg = Debug|iPhone
		{16AA5B42-F17B-449A-9D0D-9115D1DE2853}.Debug|x86.Build.0 = Debug|iPhone
		{16AA5B42-F17B-449A-9D0D-9115D1DE2853}.Debug|x86.Deploy.0 = Debug|iPhone
		{16AA5B42-F17B-449A-9D0D-9115D1DE2853}.Release|Any CPU.ActiveCfg = Release|iPhone
		{16AA5B42-F17B-449A-9D0D-9115D1DE2853}.Release|Any CPU.Build.0 = Release|iPhone
		{16AA5B42-F17B-449A-9D0D-9115D1DE2853}.Release|Any CPU.Deploy.0 = Release|iPhone
		{16AA5B42-F17B-449A-9D0D-9115D1DE2853}.Release|ARM.ActiveCfg = Release|iPhone
		{16AA5B42-F17B-449A-9D0D-9115D1DE2853}.Release|ARM.Build.0 = Release|iPhone
		{16AA5B42-F17B-449A-9D0D-9115D1DE2853}.Release|ARM.Deploy.0 = Release|iPhone
		{16AA5B42-F17B-449A-9D0D-9115D1DE2853}.Release|iPhone.ActiveCfg = Release|iPhone
		{16AA5B42-F17B-449A-9D0D-9115D1DE2853}.Release|iPhone.Build.0 = Release|iPhone
		{16AA5B42-F17B-449A-9D0D-9115D1DE2853}.Release|iPhone.Deploy.0 = Release|iPhone
		{16AA5B42-F17B-449A-9D0D-9115D1DE2853}.Release|iPhoneSimulator.ActiveCfg = Release|iPhoneSimulator
		{16AA5B42-F17B-449A-9D0D-9115D1DE2853}.Release|iPhoneSimulator.Build.0 = Release|iPhoneSimulator
		{16AA5B42-F17B-449A-9D0D-9115D1DE2853}.Release|iPhoneSimulator.Deploy.0 = Release|iPhoneSimulator
		{16AA5B42-F17B-449A-9D0D-9115D1DE2853}.Release|x64.ActiveCfg = Release|iPhone
		{16AA5B42-F17B-449A-9D0D-9115D1DE2853}.Release|x64.Build.0 = Release|iPhone
		{16AA5B42-F17B-449A-9D0D-9115D1DE2853}.Release|x64.Deploy.0 = Release|iPhone
		{16AA5B42-F17B-449A-9D0D-9115D1DE2853}.Release|x86.ActiveCfg = Release|iPhone
		{16AA5B42-F17B-449A-9D0D-9115D1DE2853}.Release|x86.Build.0 = Release|iPhone
		{16AA5B42-F17B-449A-9D0D-9115D1DE2853}.Release|x86.Deploy.0 = Release|iPhone
		{BA6056FB-F451-4BAF-B6B1-0319C351EA48}.Ad-Hoc|Any CPU.ActiveCfg = Release|x86
		{BA6056FB-F451-4BAF-B6B1-0319C351EA48}.Ad-Hoc|Any CPU.Build.0 = Release|x86
		{BA6056FB-F451-4BAF-B6B1-0319C351EA48}.Ad-Hoc|Any CPU.Deploy.0 = Release|x86
		{BA6056FB-F451-4BAF-B6B1-0319C351EA48}.Ad-Hoc|ARM.ActiveCfg = Release|ARM
		{BA6056FB-F451-4BAF-B6B1-0319C351EA48}.Ad-Hoc|ARM.Build.0 = Release|ARM
		{BA6056FB-F451-4BAF-B6B1-0319C351EA48}.Ad-Hoc|ARM.Deploy.0 = Release|ARM
		{BA6056FB-F451-4BAF-B6B1-0319C351EA48}.Ad-Hoc|iPhone.ActiveCfg = Release|x86
		{BA6056FB-F451-4BAF-B6B1-0319C351EA48}.Ad-Hoc|iPhone.Build.0 = Release|x86
		{BA6056FB-F451-4BAF-B6B1-0319C351EA48}.Ad-Hoc|iPhone.Deploy.0 = Release|x86
		{BA6056FB-F451-4BAF-B6B1-0319C351EA48}.Ad-Hoc|iPhoneSimulator.ActiveCfg = Release|x86
		{BA6056FB-F451-4BAF-B6B1-0319C351EA48}.Ad-Hoc|iPhoneSimulator.Build.0 = Release|x86
		{BA6056FB-F451-4BAF-B6B1-0319C351EA48}.Ad-Hoc|iPhoneSimulator.Deploy.0 = Release|x86
		{BA6056FB-F451-4BAF-B6B1-0319C351EA48}.Ad-Hoc|x64.ActiveCfg = Release|x64
		{BA6056FB-F451-4BAF-B6B1-0319C351EA48}.Ad-Hoc|x64.Build.0 = Release|x64
		{BA6056FB-F451-4BAF-B6B1-0319C351EA48}.Ad-Hoc|x64.Deploy.0 = Release|x64
		{BA6056FB-F451-4BAF-B6B1-0319C351EA48}.Ad-Hoc|x86.ActiveCfg = Release|x86
		{BA6056FB-F451-4BAF-B6B1-0319C351EA48}.Ad-Hoc|x86.Build.0 = Release|x86
		{BA6056FB-F451-4BAF-B6B1-0319C351EA48}.Ad-Hoc|x86.Deploy.0 = Release|x86
		{BA6056FB-F451-4BAF-B6B1-0319C351EA48}.AppStore|Any CPU.ActiveCfg = Release|x86
		{BA6056FB-F451-4BAF-B6B1-0319C351EA48}.AppStore|Any CPU.Build.0 = Release|x86
		{BA6056FB-F451-4BAF-B6B1-0319C351EA48}.AppStore|Any CPU.Deploy.0 = Release|x86
		{BA6056FB-F451-4BAF-B6B1-0319C351EA48}.AppStore|ARM.ActiveCfg = Release|ARM
		{BA6056FB-F451-4BAF-B6B1-0319C351EA48}.AppStore|ARM.Build.0 = Release|ARM
		{BA6056FB-F451-4BAF-B6B1-0319C351EA48}.AppStore|ARM.Deploy.0 = Release|ARM
		{BA6056FB-F451-4BAF-B6B1-0319C351EA48}.AppStore|iPhone.ActiveCfg = Release|x86
		{BA6056FB-F451-4BAF-B6B1-0319C351EA48}.AppStore|iPhone.Build.0 = Release|x86
		{BA6056FB-F451-4BAF-B6B1-0319C351EA48}.AppStore|iPhone.Deploy.0 = Release|x86
		{BA6056FB-F451-4BAF-B6B1-0319C351EA48}.AppStore|iPhoneSimulator.ActiveCfg = Release|x86
		{BA6056FB-F451-4BAF-B6B1-0319C351EA48}.AppStore|iPhoneSimulator.Build.0 = Release|x86
		{BA6056FB-F451-4BAF-B6B1-0319C351EA48}.AppStore|iPhoneSimulator.Deploy.0 = Release|x86
		{BA6056FB-F451-4BAF-B6B1-0319C351EA48}.AppStore|x64.ActiveCfg = Release|x64
		{BA6056FB-F451-4BAF-B6B1-0319C351EA48}.AppStore|x64.Build.0 = Release|x64
		{BA6056FB-F451-4BAF-B6B1-0319C351EA48}.AppStore|x64.Deploy.0 = Release|x64
		{BA6056FB-F451-4BAF-B6B1-0319C351EA48}.AppStore|x86.ActiveCfg = Release|x86
		{BA6056FB-F451-4BAF-B6B1-0319C351EA48}.AppStore|x86.Build.0 = Release|x86
		{BA6056FB-F451-4BAF-B6B1-0319C351EA48}.AppStore|x86.Deploy.0 = Release|x86
		{BA6056FB-F451-4BAF-B6B1-0319C351EA48}.Debug|Any CPU.ActiveCfg = Debug|x86
		{BA6056FB-F451-4BAF-B6B1-0319C351EA48}.Debug|Any CPU.Build.0 = Debug|x86
		{BA6056FB-F451-4BAF-B6B1-0319C351EA48}.Debug|Any CPU.Deploy.0 = Debug|x86
		{BA6056FB-F451-4BAF-B6B1-0319C351EA48}.Debug|ARM.ActiveCfg = Debug|ARM
		{BA6056FB-F451-4BAF-B6B1-0319C351EA48}.Debug|ARM.Build.0 = Debug|ARM
		{BA6056FB-F451-4BAF-B6B1-0319C351EA48}.Debug|ARM.Deploy.0 = Debug|ARM
		{BA6056FB-F451-4BAF-B6B1-0319C351EA48}.Debug|iPhone.ActiveCfg = Debug|x86
		{BA6056FB-F451-4BAF-B6B1-0319C351EA48}.Debug|iPhone.Build.0 = Debug|x86
		{BA6056FB-F451-4BAF-B6B1-0319C351EA48}.Debug|iPhone.Deploy.0 = Debug|x86
		{BA6056FB-F451-4BAF-B6B1-0319C351EA48}.Debug|iPhoneSimulator.ActiveCfg = Debug|x86
		{BA6056FB-F451-4BAF-B6B1-0319C351EA48}.Debug|iPhoneSimulator.Build.0 = Debug|x86
		{BA6056FB-F451-4BAF-B6B1-0319C351EA48}.Debug|iPhoneSimulator.Deploy.0 = Debug|x86
		{BA6056FB-F451-4BAF-B6B1-0319C351EA48}.Debug|x64.ActiveCfg = Debug|x64
		{BA6056FB-F451-4BAF-B6B1-0319C351EA48}.Debug|x64.Build.0 = Debug|x64
		{BA6056FB-F451-4BAF-B6B1-0319C351EA48}.Debug|x64.Deploy.0 = Debug|x64
		{BA6056FB-F451-4BAF-B6B1-0319C351EA48}.Debug|x86.ActiveCfg = Debug|x86
		{BA6056FB-F451-4BAF-B6B1-0319C351EA48}.Debug|x86.Build.0 = Debug|x86
		{BA6056FB-F451-4BAF-B6B1-0319C351EA48}.Debug|x86.Deploy.0 = Debug|x86
		{BA6056FB-F451-4BAF-B6B1-0319C351EA48}.Release|Any CPU.ActiveCfg = Release|x86
		{BA6056FB-F451-4BAF-B6B1-0319C351EA48}.Release|Any CPU.Build.0 = Release|x86
		{BA6056FB-F451-4BAF-B6B1-0319C351EA48}.Release|Any CPU.Deploy.0 = Release|x86
		{BA6056FB-F451-4BAF-B6B1-0319C351EA48}.Release|ARM.ActiveCfg = Release|ARM
		{BA6056FB-F451-4BAF-B6B1-0319C351EA48}.Release|ARM.Build.0 = Release|ARM
		{BA6056FB-F451-4BAF-B6B1-0319C351EA48}.Release|ARM.Deploy.0 = Release|ARM
		{BA6056FB-F451-4BAF-B6B1-0319C351EA48}.Release|iPhone.ActiveCfg = Release|x86
		{BA6056FB-F451-4BAF-B6B1-0319C351EA48}.Release|iPhone.Build.0 = Release|x86
		{BA6056FB-F451-4BAF-B6B1-0319C351EA48}.Release|iPhone.Deploy.0 = Release|x86
		{BA6056FB-F451-4BAF-B6B1-0319C351EA48}.Release|iPhoneSimulator.ActiveCfg = Release|x86
		{BA6056FB-F451-4BAF-B6B1-0319C351EA48}.Release|iPhoneSimulator.Build.0 = Release|x86
		{BA6056FB-F451-4BAF-B6B1-0319C351EA48}.Release|iPhoneSimulator.Deploy.0 = Release|x86
		{BA6056FB-F451-4BAF-B6B1-0319C351EA48}.Release|x64.ActiveCfg = Release|x64
		{BA6056FB-F451-4BAF-B6B1-0319C351EA48}.Release|x64.Build.0 = Release|x64
		{BA6056FB-F451-4BAF-B6B1-0319C351EA48}.Release|x64.Deploy.0 = Release|x64
		{BA6056FB-F451-4BAF-B6B1-0319C351EA48}.Release|x86.ActiveCfg = Release|x86
		{BA6056FB-F451-4BAF-B6B1-0319C351EA48}.Release|x86.Build.0 = Release|x86
		{BA6056FB-F451-4BAF-B6B1-0319C351EA48}.Release|x86.Deploy.0 = Release|x86
	EndGlobalSection
	GlobalSection(SolutionProperties) = preSolution
		HideSolutionNode = FALSE
	EndGlobalSection
	GlobalSection(ExtensibilityGlobals) = postSolution
		SolutionGuid = {DD161D74-560F-4A40-BA48-E35B37592B25}
	EndGlobalSection
EndGlobal
